Microsoft Visual Studio Solution File, Format Version 12.00
# Visual Studio Version 17
VisualStudioVersion = 17.1.32119.435
MinimumVisualStudioVersion = 10.0.40219.1
Project("{2150E333-8FDC-42A3-9474-1A3956D46DE8}") = "Solution Items", "Solution Items", "{CD09C869-A027-4F21-B78F-22CF072B9C7F}"
	ProjectSection(SolutionItems) = preProject
		.editorconfig = .editorconfig
		.gitignore = .gitignore
		templates\AddNewCoreLibrary.ps1 = templates\AddNewCoreLibrary.ps1
		templates\AddNewLibrary.ps1 = templates\AddNewLibrary.ps1
		build.ps1 = build.ps1
		CONTRIBUTING.md = CONTRIBUTING.md
		CONTRIBUTORS.md = CONTRIBUTORS.md
		templates\CreateExportsTxtFile.ps1 = templates\CreateExportsTxtFile.ps1
		global.json = global.json
		LICENSE = LICENSE
		nuget.config = nuget.config
		README.md = README.md
		stylecop.json = stylecop.json
		tools\Update-CoverageReport.ps1 = tools\Update-CoverageReport.ps1
		version.json = version.json
	EndProjectSection
EndProject
Project("{9A19103F-16F7-4668-BE54-9A1E7A4F7556}") = "BCrypt", "src\BCrypt\BCrypt.csproj", "{9CE056E3-5D53-4092-97CC-78826A4D1C14}"
EndProject
Project("{2150E333-8FDC-42A3-9474-1A3956D46DE8}") = "Build", "Build", "{F00A1FA3-A9AF-450E-A45C-AC59E108F45A}"
	ProjectSection(SolutionItems) = preProject
		tools\Create-PInvokeTxtFile.ps1 = tools\Create-PInvokeTxtFile.ps1
		Directory.Build.props = Directory.Build.props
		Directory.Build.targets = Directory.Build.targets
		PInvoke.Extra.targets = PInvoke.Extra.targets
	EndProjectSection
EndProject
Project("{9A19103F-16F7-4668-BE54-9A1E7A4F7556}") = "Windows.Core", "src\Windows.Core\Windows.Core.csproj", "{B08C3C79-4CDD-4D37-933C-07D3452FD5F1}"
EndProject
Project("{9A19103F-16F7-4668-BE54-9A1E7A4F7556}") = "User32", "src\User32\User32.csproj", "{774A91D6-10C2-459C-A482-50D655BB4680}"
EndProject
Project("{9A19103F-16F7-4668-BE54-9A1E7A4F7556}") = "Gdi32", "src\Gdi32\Gdi32.csproj", "{BA62C4BC-1FB8-40E0-AC77-84663C4ED11A}"
EndProject
Project("{9A19103F-16F7-4668-BE54-9A1E7A4F7556}") = "Kernel32", "src\Kernel32\Kernel32.csproj", "{1FDC092A-D3E8-4CC4-B896-17E0A213F723}"
EndProject
Project("{9A19103F-16F7-4668-BE54-9A1E7A4F7556}") = "Hid", "src\Hid\Hid.csproj", "{26ABA748-B311-4094-9231-7490894E1157}"
EndProject
Project("{9A19103F-16F7-4668-BE54-9A1E7A4F7556}") = "SetupApi", "src\SetupApi\SetupApi.csproj", "{A530587B-C0CD-408C-9FE1-AA3D36B760A0}"
EndProject
Project("{9A19103F-16F7-4668-BE54-9A1E7A4F7556}") = "AdvApi32", "src\AdvApi32\AdvApi32.csproj", "{3FCBF2E0-1330-454C-8A17-AF14EBA6B244}"
EndProject
Project("{9A19103F-16F7-4668-BE54-9A1E7A4F7556}") = "NCrypt", "src\NCrypt\NCrypt.csproj", "{6AAA088F-2ADC-4FFD-8D11-D8B67D5EC88C}"
EndProject
Project("{9A19103F-16F7-4668-BE54-9A1E7A4F7556}") = "ImageHlp", "src\ImageHlp\ImageHlp.csproj", "{784B754D-20F0-464B-AEDC-DD7A3108FE25}"
EndProject
Project("{9A19103F-16F7-4668-BE54-9A1E7A4F7556}") = "DbgHelp", "src\DbgHelp\DbgHelp.csproj", "{26A6F480-5ED3-48B8-9BBA-243115672098}"
EndProject
Project("{9A19103F-16F7-4668-BE54-9A1E7A4F7556}") = "Psapi", "src\Psapi\Psapi.csproj", "{6AB26806-6A22-456D-AD87-CD8B3FAFA216}"
EndProject
Project("{9A19103F-16F7-4668-BE54-9A1E7A4F7556}") = "MSCorEE", "src\MSCorEE\MSCorEE.csproj", "{862717F8-F2DF-4DE8-9F03-5A98941B2747}"
EndProject
Project("{9A19103F-16F7-4668-BE54-9A1E7A4F7556}") = "Crypt32", "src\Crypt32\Crypt32.csproj", "{2355A580-2257-4A41-B7EC-F987993CE0C9}"
EndProject
Project("{9A19103F-16F7-4668-BE54-9A1E7A4F7556}") = "NTDll", "src\NTDll\NTDll.csproj", "{F64C8B26-5E30-4A7A-8643-F58E4602C64A}"
EndProject
Project("{9A19103F-16F7-4668-BE54-9A1E7A4F7556}") = "UxTheme", "src\UxTheme\UxTheme.csproj", "{3D1C8CE4-27F5-42BB-A7BD-CD5DEAB58EF3}"
EndProject
Project("{9A19103F-16F7-4668-BE54-9A1E7A4F7556}") = "Userenv", "src\Userenv\Userenv.csproj", "{FDA184C9-C55D-4615-BCF5-ADBF59F25102}"
EndProject
Project("{9A19103F-16F7-4668-BE54-9A1E7A4F7556}") = "DwmApi", "src\DwmApi\DwmApi.csproj", "{AA9EADF7-B399-4DC3-B616-5E0B8A796DFE}"
EndProject
Project("{9A19103F-16F7-4668-BE54-9A1E7A4F7556}") = "Fusion", "src\Fusion\Fusion.csproj", "{A41C96AD-3E4A-4744-AA3D-00FFE07954AD}"
EndProject
Project("{9A19103F-16F7-4668-BE54-9A1E7A4F7556}") = "Msi", "src\Msi\Msi.csproj", "{01174E89-DE65-47DC-BF53-4E2CF34AD843}"
EndProject
Project("{9A19103F-16F7-4668-BE54-9A1E7A4F7556}") = "NetApi32", "src\NetApi32\NetApi32.csproj", "{9C5AE8E9-330A-47D9-84D8-9883880EBE9E}"
EndProject
Project("{9A19103F-16F7-4668-BE54-9A1E7A4F7556}") = "Shell32", "src\Shell32\Shell32.csproj", "{F187990F-4B3F-4F08-8179-A39A8708D2B5}"
EndProject
Project("{9A19103F-16F7-4668-BE54-9A1E7A4F7556}") = "SHCore", "src\SHCore\SHCore.csproj", "{4D9D4B01-3D46-4BC6-B93F-A799B8C21ABF}"
EndProject
Project("{9A19103F-16F7-4668-BE54-9A1E7A4F7556}") = "Windows.ShellScalingApi", "src\Windows.ShellScalingApi\Windows.ShellScalingApi.csproj", "{0500E681-818F-4366-B2A5-0BB73D7864C6}"
EndProject
Project("{9A19103F-16F7-4668-BE54-9A1E7A4F7556}") = "WtsApi32", "src\WtsApi32\WtsApi32.csproj", "{BF4E3E19-7145-4D41-8906-084216599537}"
EndProject
Project("{9A19103F-16F7-4668-BE54-9A1E7A4F7556}") = "Win32", "src\Win32\Win32.csproj", "{34C97C6A-0323-44C6-B8E6-ED748CA287D5}"
EndProject
Project("{9A19103F-16F7-4668-BE54-9A1E7A4F7556}") = "Magnification", "src\Magnification\Magnification.csproj", "{B9778D6F-25D9-4B3B-B752-A326F2801EC2}"
EndProject
Project("{9A19103F-16F7-4668-BE54-9A1E7A4F7556}") = "Ole32", "src\Ole32\Ole32.csproj", "{25A2D0B9-5110-4C58-A872-33E7FD9827F0}"
EndProject
Project("{9A19103F-16F7-4668-BE54-9A1E7A4F7556}") = "Cabinet", "src\Cabinet\Cabinet.csproj", "{966BE4C3-657F-4D2C-8717-C04804064186}"
EndProject
Project("{9A19103F-16F7-4668-BE54-9A1E7A4F7556}") = "IPHlpApi", "src\IPHlpApi\IPHlpApi.csproj", "{F00E1C9E-300A-4D42-9128-DDF6307AF0B1}"
EndProject
Project("{9A19103F-16F7-4668-BE54-9A1E7A4F7556}") = "NewDev", "src\NewDev\NewDev.csproj", "{31CBB60E-1C8C-442A-8EF4-CD03405F23E1}"
EndProject
Project("{9A19103F-16F7-4668-BE54-9A1E7A4F7556}") = "WinUsb", "src\WinUsb\WinUsb.csproj", "{7E3C9790-DF5F-4B77-B8D0-1389612FB6A1}"
EndProject
Project("{9A19103F-16F7-4668-BE54-9A1E7A4F7556}") = "CfgMgr32", "src\CfgMgr32\CfgMgr32.csproj", "{970EAFB3-FA7E-415C-8012-7A0005D75AF9}"
EndProject
Global
	GlobalSection(SolutionConfigurationPlatforms) = preSolution
		Debug|Any CPU = Debug|Any CPU
		Release|Any CPU = Release|Any CPU
	EndGlobalSection
	GlobalSection(ProjectConfigurationPlatforms) = postSolution
		{9CE056E3-5D53-4092-97CC-78826A4D1C14}.Debug|Any CPU.ActiveCfg = Debug|Any CPU
		{9CE056E3-5D53-4092-97CC-78826A4D1C14}.Debug|Any CPU.Build.0 = Debug|Any CPU
		{9CE056E3-5D53-4092-97CC-78826A4D1C14}.Release|Any CPU.ActiveCfg = Release|Any CPU
		{9CE056E3-5D53-4092-97CC-78826A4D1C14}.Release|Any CPU.Build.0 = Release|Any CPU
		{B08C3C79-4CDD-4D37-933C-07D3452FD5F1}.Debug|Any CPU.ActiveCfg = Debug|Any CPU
		{B08C3C79-4CDD-4D37-933C-07D3452FD5F1}.Debug|Any CPU.Build.0 = Debug|Any CPU
		{B08C3C79-4CDD-4D37-933C-07D3452FD5F1}.Release|Any CPU.ActiveCfg = Release|Any CPU
		{B08C3C79-4CDD-4D37-933C-07D3452FD5F1}.Release|Any CPU.Build.0 = Release|Any CPU
		{774A91D6-10C2-459C-A482-50D655BB4680}.Debug|Any CPU.ActiveCfg = Debug|Any CPU
		{774A91D6-10C2-459C-A482-50D655BB4680}.Debug|Any CPU.Build.0 = Debug|Any CPU
		{774A91D6-10C2-459C-A482-50D655BB4680}.Release|Any CPU.ActiveCfg = Release|Any CPU
		{774A91D6-10C2-459C-A482-50D655BB4680}.Release|Any CPU.Build.0 = Release|Any CPU
		{BA62C4BC-1FB8-40E0-AC77-84663C4ED11A}.Debug|Any CPU.ActiveCfg = Debug|Any CPU
		{BA62C4BC-1FB8-40E0-AC77-84663C4ED11A}.Debug|Any CPU.Build.0 = Debug|Any CPU
		{BA62C4BC-1FB8-40E0-AC77-84663C4ED11A}.Release|Any CPU.ActiveCfg = Release|Any CPU
		{BA62C4BC-1FB8-40E0-AC77-84663C4ED11A}.Release|Any CPU.Build.0 = Release|Any CPU
		{1FDC092A-D3E8-4CC4-B896-17E0A213F723}.Debug|Any CPU.ActiveCfg = Debug|Any CPU
		{1FDC092A-D3E8-4CC4-B896-17E0A213F723}.Debug|Any CPU.Build.0 = Debug|Any CPU
		{1FDC092A-D3E8-4CC4-B896-17E0A213F723}.Release|Any CPU.ActiveCfg = Release|Any CPU
		{1FDC092A-D3E8-4CC4-B896-17E0A213F723}.Release|Any CPU.Build.0 = Release|Any CPU
		{26ABA748-B311-4094-9231-7490894E1157}.Debug|Any CPU.ActiveCfg = Debug|Any CPU
		{26ABA748-B311-4094-9231-7490894E1157}.Debug|Any CPU.Build.0 = Debug|Any CPU
		{26ABA748-B311-4094-9231-7490894E1157}.Release|Any CPU.ActiveCfg = Release|Any CPU
		{26ABA748-B311-4094-9231-7490894E1157}.Release|Any CPU.Build.0 = Release|Any CPU
		{A530587B-C0CD-408C-9FE1-AA3D36B760A0}.Debug|Any CPU.ActiveCfg = Debug|Any CPU
		{A530587B-C0CD-408C-9FE1-AA3D36B760A0}.Debug|Any CPU.Build.0 = Debug|Any CPU
		{A530587B-C0CD-408C-9FE1-AA3D36B760A0}.Release|Any CPU.ActiveCfg = Release|Any CPU
		{A530587B-C0CD-408C-9FE1-AA3D36B760A0}.Release|Any CPU.Build.0 = Release|Any CPU
		{3FCBF2E0-1330-454C-8A17-AF14EBA6B244}.Debug|Any CPU.ActiveCfg = Debug|Any CPU
		{3FCBF2E0-1330-454C-8A17-AF14EBA6B244}.Debug|Any CPU.Build.0 = Debug|Any CPU
		{3FCBF2E0-1330-454C-8A17-AF14EBA6B244}.Release|Any CPU.ActiveCfg = Release|Any CPU
		{3FCBF2E0-1330-454C-8A17-AF14EBA6B244}.Release|Any CPU.Build.0 = Release|Any CPU
		{6AAA088F-2ADC-4FFD-8D11-D8B67D5EC88C}.Debug|Any CPU.ActiveCfg = Debug|Any CPU
		{6AAA088F-2ADC-4FFD-8D11-D8B67D5EC88C}.Debug|Any CPU.Build.0 = Debug|Any CPU
		{6AAA088F-2ADC-4FFD-8D11-D8B67D5EC88C}.Release|Any CPU.ActiveCfg = Release|Any CPU
		{6AAA088F-2ADC-4FFD-8D11-D8B67D5EC88C}.Release|Any CPU.Build.0 = Release|Any CPU
		{784B754D-20F0-464B-AEDC-DD7A3108FE25}.Debug|Any CPU.ActiveCfg = Debug|Any CPU
		{784B754D-20F0-464B-AEDC-DD7A3108FE25}.Debug|Any CPU.Build.0 = Debug|Any CPU
		{784B754D-20F0-464B-AEDC-DD7A3108FE25}.Release|Any CPU.ActiveCfg = Release|Any CPU
		{784B754D-20F0-464B-AEDC-DD7A3108FE25}.Release|Any CPU.Build.0 = Release|Any CPU
		{26A6F480-5ED3-48B8-9BBA-243115672098}.Debug|Any CPU.ActiveCfg = Debug|Any CPU
		{26A6F480-5ED3-48B8-9BBA-243115672098}.Debug|Any CPU.Build.0 = Debug|Any CPU
		{26A6F480-5ED3-48B8-9BBA-243115672098}.Release|Any CPU.ActiveCfg = Release|Any CPU
		{26A6F480-5ED3-48B8-9BBA-243115672098}.Release|Any CPU.Build.0 = Release|Any CPU
		{6AB26806-6A22-456D-AD87-CD8B3FAFA216}.Debug|Any CPU.ActiveCfg = Debug|Any CPU
		{6AB26806-6A22-456D-AD87-CD8B3FAFA216}.Debug|Any CPU.Build.0 = Debug|Any CPU
		{6AB26806-6A22-456D-AD87-CD8B3FAFA216}.Release|Any CPU.ActiveCfg = Release|Any CPU
		{6AB26806-6A22-456D-AD87-CD8B3FAFA216}.Release|Any CPU.Build.0 = Release|Any CPU
		{862717F8-F2DF-4DE8-9F03-5A98941B2747}.Debug|Any CPU.ActiveCfg = Debug|Any CPU
		{862717F8-F2DF-4DE8-9F03-5A98941B2747}.Debug|Any CPU.Build.0 = Debug|Any CPU
		{862717F8-F2DF-4DE8-9F03-5A98941B2747}.Release|Any CPU.ActiveCfg = Release|Any CPU
		{862717F8-F2DF-4DE8-9F03-5A98941B2747}.Release|Any CPU.Build.0 = Release|Any CPU
		{2355A580-2257-4A41-B7EC-F987993CE0C9}.Debug|Any CPU.ActiveCfg = Debug|Any CPU
		{2355A580-2257-4A41-B7EC-F987993CE0C9}.Debug|Any CPU.Build.0 = Debug|Any CPU
		{2355A580-2257-4A41-B7EC-F987993CE0C9}.Release|Any CPU.ActiveCfg = Release|Any CPU
		{2355A580-2257-4A41-B7EC-F987993CE0C9}.Release|Any CPU.Build.0 = Release|Any CPU
		{F64C8B26-5E30-4A7A-8643-F58E4602C64A}.Debug|Any CPU.ActiveCfg = Debug|Any CPU
		{F64C8B26-5E30-4A7A-8643-F58E4602C64A}.Debug|Any CPU.Build.0 = Debug|Any CPU
		{F64C8B26-5E30-4A7A-8643-F58E4602C64A}.Release|Any CPU.ActiveCfg = Release|Any CPU
		{F64C8B26-5E30-4A7A-8643-F58E4602C64A}.Release|Any CPU.Build.0 = Release|Any CPU
		{3D1C8CE4-27F5-42BB-A7BD-CD5DEAB58EF3}.Debug|Any CPU.ActiveCfg = Debug|Any CPU
		{3D1C8CE4-27F5-42BB-A7BD-CD5DEAB58EF3}.Debug|Any CPU.Build.0 = Debug|Any CPU
		{3D1C8CE4-27F5-42BB-A7BD-CD5DEAB58EF3}.Release|Any CPU.ActiveCfg = Release|Any CPU
		{3D1C8CE4-27F5-42BB-A7BD-CD5DEAB58EF3}.Release|Any CPU.Build.0 = Release|Any CPU
		{FDA184C9-C55D-4615-BCF5-ADBF59F25102}.Debug|Any CPU.ActiveCfg = Debug|Any CPU
		{FDA184C9-C55D-4615-BCF5-ADBF59F25102}.Debug|Any CPU.Build.0 = Debug|Any CPU
		{FDA184C9-C55D-4615-BCF5-ADBF59F25102}.Release|Any CPU.ActiveCfg = Release|Any CPU
		{FDA184C9-C55D-4615-BCF5-ADBF59F25102}.Release|Any CPU.Build.0 = Release|Any CPU
		{AA9EADF7-B399-4DC3-B616-5E0B8A796DFE}.Debug|Any CPU.ActiveCfg = Debug|Any CPU
		{AA9EADF7-B399-4DC3-B616-5E0B8A796DFE}.Debug|Any CPU.Build.0 = Debug|Any CPU
		{AA9EADF7-B399-4DC3-B616-5E0B8A796DFE}.Release|Any CPU.ActiveCfg = Release|Any CPU
		{AA9EADF7-B399-4DC3-B616-5E0B8A796DFE}.Release|Any CPU.Build.0 = Release|Any CPU
		{A41C96AD-3E4A-4744-AA3D-00FFE07954AD}.Debug|Any CPU.ActiveCfg = Debug|Any CPU
		{A41C96AD-3E4A-4744-AA3D-00FFE07954AD}.Debug|Any CPU.Build.0 = Debug|Any CPU
		{A41C96AD-3E4A-4744-AA3D-00FFE07954AD}.Release|Any CPU.ActiveCfg = Release|Any CPU
		{A41C96AD-3E4A-4744-AA3D-00FFE07954AD}.Release|Any CPU.Build.0 = Release|Any CPU
		{01174E89-DE65-47DC-BF53-4E2CF34AD843}.Debug|Any CPU.ActiveCfg = Debug|Any CPU
		{01174E89-DE65-47DC-BF53-4E2CF34AD843}.Debug|Any CPU.Build.0 = Debug|Any CPU
		{01174E89-DE65-47DC-BF53-4E2CF34AD843}.Release|Any CPU.ActiveCfg = Release|Any CPU
		{01174E89-DE65-47DC-BF53-4E2CF34AD843}.Release|Any CPU.Build.0 = Release|Any CPU
		{9C5AE8E9-330A-47D9-84D8-9883880EBE9E}.Debug|Any CPU.ActiveCfg = Debug|Any CPU
		{9C5AE8E9-330A-47D9-84D8-9883880EBE9E}.Debug|Any CPU.Build.0 = Debug|Any CPU
		{9C5AE8E9-330A-47D9-84D8-9883880EBE9E}.Release|Any CPU.ActiveCfg = Release|Any CPU
		{9C5AE8E9-330A-47D9-84D8-9883880EBE9E}.Release|Any CPU.Build.0 = Release|Any CPU
		{F187990F-4B3F-4F08-8179-A39A8708D2B5}.Debug|Any CPU.ActiveCfg = Debug|Any CPU
		{F187990F-4B3F-4F08-8179-A39A8708D2B5}.Debug|Any CPU.Build.0 = Debug|Any CPU
		{F187990F-4B3F-4F08-8179-A39A8708D2B5}.Release|Any CPU.ActiveCfg = Release|Any CPU
		{F187990F-4B3F-4F08-8179-A39A8708D2B5}.Release|Any CPU.Build.0 = Release|Any CPU
		{4D9D4B01-3D46-4BC6-B93F-A799B8C21ABF}.Debug|Any CPU.ActiveCfg = Debug|Any CPU
		{4D9D4B01-3D46-4BC6-B93F-A799B8C21ABF}.Debug|Any CPU.Build.0 = Debug|Any CPU
		{4D9D4B01-3D46-4BC6-B93F-A799B8C21ABF}.Release|Any CPU.ActiveCfg = Release|Any CPU
		{4D9D4B01-3D46-4BC6-B93F-A799B8C21ABF}.Release|Any CPU.Build.0 = Release|Any CPU
		{0500E681-818F-4366-B2A5-0BB73D7864C6}.Debug|Any CPU.ActiveCfg = Debug|Any CPU
		{0500E681-818F-4366-B2A5-0BB73D7864C6}.Debug|Any CPU.Build.0 = Debug|Any CPU
		{0500E681-818F-4366-B2A5-0BB73D7864C6}.Release|Any CPU.ActiveCfg = Release|Any CPU
		{0500E681-818F-4366-B2A5-0BB73D7864C6}.Release|Any CPU.Build.0 = Release|Any CPU
		{BF4E3E19-7145-4D41-8906-084216599537}.Debug|Any CPU.ActiveCfg = Debug|Any CPU
		{BF4E3E19-7145-4D41-8906-084216599537}.Debug|Any CPU.Build.0 = Debug|Any CPU
		{BF4E3E19-7145-4D41-8906-084216599537}.Release|Any CPU.ActiveCfg = Release|Any CPU
		{BF4E3E19-7145-4D41-8906-084216599537}.Release|Any CPU.Build.0 = Release|Any CPU
		{34C97C6A-0323-44C6-B8E6-ED748CA287D5}.Debug|Any CPU.ActiveCfg = Debug|Any CPU
		{34C97C6A-0323-44C6-B8E6-ED748CA287D5}.Debug|Any CPU.Build.0 = Debug|Any CPU
		{34C97C6A-0323-44C6-B8E6-ED748CA287D5}.Release|Any CPU.ActiveCfg = Release|Any CPU
		{34C97C6A-0323-44C6-B8E6-ED748CA287D5}.Release|Any CPU.Build.0 = Release|Any CPU
		{B9778D6F-25D9-4B3B-B752-A326F2801EC2}.Debug|Any CPU.ActiveCfg = Debug|Any CPU
		{B9778D6F-25D9-4B3B-B752-A326F2801EC2}.Debug|Any CPU.Build.0 = Debug|Any CPU
		{B9778D6F-25D9-4B3B-B752-A326F2801EC2}.Release|Any CPU.ActiveCfg = Release|Any CPU
		{B9778D6F-25D9-4B3B-B752-A326F2801EC2}.Release|Any CPU.Build.0 = Release|Any CPU
		{25A2D0B9-5110-4C58-A872-33E7FD9827F0}.Debug|Any CPU.ActiveCfg = Debug|Any CPU
		{25A2D0B9-5110-4C58-A872-33E7FD9827F0}.Debug|Any CPU.Build.0 = Debug|Any CPU
		{25A2D0B9-5110-4C58-A872-33E7FD9827F0}.Release|Any CPU.ActiveCfg = Release|Any CPU
		{25A2D0B9-5110-4C58-A872-33E7FD9827F0}.Release|Any CPU.Build.0 = Release|Any CPU
		{966BE4C3-657F-4D2C-8717-C04804064186}.Debug|Any CPU.ActiveCfg = Debug|Any CPU
		{966BE4C3-657F-4D2C-8717-C04804064186}.Debug|Any CPU.Build.0 = Debug|Any CPU
		{966BE4C3-657F-4D2C-8717-C04804064186}.Release|Any CPU.ActiveCfg = Release|Any CPU
		{966BE4C3-657F-4D2C-8717-C04804064186}.Release|Any CPU.Build.0 = Release|Any CPU
		{F00E1C9E-300A-4D42-9128-DDF6307AF0B1}.Debug|Any CPU.ActiveCfg = Debug|Any CPU
		{F00E1C9E-300A-4D42-9128-DDF6307AF0B1}.Debug|Any CPU.Build.0 = Debug|Any CPU
		{F00E1C9E-300A-4D42-9128-DDF6307AF0B1}.Release|Any CPU.ActiveCfg = Release|Any CPU
		{F00E1C9E-300A-4D42-9128-DDF6307AF0B1}.Release|Any CPU.Build.0 = Release|Any CPU
		{31CBB60E-1C8C-442A-8EF4-CD03405F23E1}.Debug|Any CPU.ActiveCfg = Debug|Any CPU
		{31CBB60E-1C8C-442A-8EF4-CD03405F23E1}.Debug|Any CPU.Build.0 = Debug|Any CPU
		{31CBB60E-1C8C-442A-8EF4-CD03405F23E1}.Release|Any CPU.ActiveCfg = Release|Any CPU
		{31CBB60E-1C8C-442A-8EF4-CD03405F23E1}.Release|Any CPU.Build.0 = Release|Any CPU
		{7E3C9790-DF5F-4B77-B8D0-1389612FB6A1}.Debug|Any CPU.ActiveCfg = Debug|Any CPU
		{7E3C9790-DF5F-4B77-B8D0-1389612FB6A1}.Debug|Any CPU.Build.0 = Debug|Any CPU
		{7E3C9790-DF5F-4B77-B8D0-1389612FB6A1}.Release|Any CPU.ActiveCfg = Release|Any CPU
		{7E3C9790-DF5F-4B77-B8D0-1389612FB6A1}.Release|Any CPU.Build.0 = Release|Any CPU
		{970EAFB3-FA7E-415C-8012-7A0005D75AF9}.Debug|Any CPU.ActiveCfg = Debug|Any CPU
		{970EAFB3-FA7E-415C-8012-7A0005D75AF9}.Debug|Any CPU.Build.0 = Debug|Any CPU
		{970EAFB3-FA7E-415C-8012-7A0005D75AF9}.Release|Any CPU.ActiveCfg = Release|Any CPU
		{970EAFB3-FA7E-415C-8012-7A0005D75AF9}.Release|Any CPU.Build.0 = Release|Any CPU
	EndGlobalSection
	GlobalSection(SolutionProperties) = preSolution
		HideSolutionNode = FALSE
	EndGlobalSection
	GlobalSection(ExtensibilityGlobals) = postSolution
		SolutionGuid = {40DA3926-6067-4012-ABE8-B1723AF70BD9}
	EndGlobalSection
EndGlobal
