
Microsoft Visual Studio Solution File, Format Version 12.00
# Visual Studio 15
VisualStudioVersion = 15.0.26228.0
MinimumVisualStudioVersion = 10.0.40219.1
Project("{2150E333-8FDC-42A3-9474-1A3956D46DE8}") = "Solution Items", "Solution Items", "{CD09C869-A027-4F21-B78F-22CF072B9C7F}"
	ProjectSection(SolutionItems) = preProject
		..\.gitignore = ..\.gitignore
		..\templates\AddNewCoreLibrary.ps1 = ..\templates\AddNewCoreLibrary.ps1
		..\templates\AddNewLibrary.ps1 = ..\templates\AddNewLibrary.ps1
		..\appveyor.yml = ..\appveyor.yml
		..\build.ps1 = ..\build.ps1
		..\CONTRIBUTING.md = ..\CONTRIBUTING.md
		..\COPYRIGHT.md = ..\COPYRIGHT.md
		..\templates\CreateExportsTxtFile.ps1 = ..\templates\CreateExportsTxtFile.ps1
		..\LICENSE.txt = ..\LICENSE.txt
		nuget.config = nuget.config
		..\README.md = ..\README.md
		stylecop.json = stylecop.json
		..\tools\Update-CoverageReport.ps1 = ..\tools\Update-CoverageReport.ps1
		version.json = version.json
	EndProjectSection
EndProject
Project("{FAE04EC0-301F-11D3-BF4B-00C04F79EFBC}") = "BCrypt", "BCrypt\BCrypt.csproj", "{9CE056E3-5D53-4092-97CC-78826A4D1C14}"
EndProject
Project("{2150E333-8FDC-42A3-9474-1A3956D46DE8}") = "Build", "Build", "{F00A1FA3-A9AF-450E-A45C-AC59E108F45A}"
	ProjectSection(SolutionItems) = preProject
		..\tools\Create-PInvokeTxtFile.ps1 = ..\tools\Create-PInvokeTxtFile.ps1
		PInvoke.Extra.targets = PInvoke.Extra.targets
	EndProjectSection
EndProject
Project("{FAE04EC0-301F-11D3-BF4B-00C04F79EFBC}") = "Windows.Core", "Windows.Core\Windows.Core.csproj", "{B08C3C79-4CDD-4D37-933C-07D3452FD5F1}"
EndProject
Project("{FAE04EC0-301F-11D3-BF4B-00C04F79EFBC}") = "User32", "User32\User32.csproj", "{774A91D6-10C2-459C-A482-50D655BB4680}"
EndProject
Project("{FAE04EC0-301F-11D3-BF4B-00C04F79EFBC}") = "Gdi32", "Gdi32\Gdi32.csproj", "{BA62C4BC-1FB8-40E0-AC77-84663C4ED11A}"
EndProject
Project("{FAE04EC0-301F-11D3-BF4B-00C04F79EFBC}") = "Kernel32", "Kernel32\Kernel32.csproj", "{1FDC092A-D3E8-4CC4-B896-17E0A213F723}"
EndProject
Project("{FAE04EC0-301F-11D3-BF4B-00C04F79EFBC}") = "Kernel32.Tests", "Kernel32.Tests\Kernel32.Tests.csproj", "{D7224F5B-1AEE-4624-A71F-F0BB10C63555}"
EndProject
Project("{FAE04EC0-301F-11D3-BF4B-00C04F79EFBC}") = "Hid", "Hid\Hid.csproj", "{26ABA748-B311-4094-9231-7490894E1157}"
EndProject
Project("{FAE04EC0-301F-11D3-BF4B-00C04F79EFBC}") = "Hid.Tests", "Hid.Tests\Hid.Tests.csproj", "{6C21E31E-6E71-4CB8-8495-CC841B19947F}"
EndProject
Project("{FAE04EC0-301F-11D3-BF4B-00C04F79EFBC}") = "SetupApi", "SetupApi\SetupApi.csproj", "{A530587B-C0CD-408C-9FE1-AA3D36B760A0}"
EndProject
Project("{FAE04EC0-301F-11D3-BF4B-00C04F79EFBC}") = "SetupApi.Tests", "SetupApi.Tests\SetupApi.Tests.csproj", "{05468C6E-B6EB-45E9-9F3D-66207D9EFD41}"
EndProject
Project("{FAE04EC0-301F-11D3-BF4B-00C04F79EFBC}") = "Windows.Core.Tests", "Windows.Core.Tests\Windows.Core.Tests.csproj", "{A44BC3C8-52A5-4372-8365-0C22FCB9E568}"
EndProject
Project("{FAE04EC0-301F-11D3-BF4B-00C04F79EFBC}") = "BCrypt.Tests", "BCrypt.Tests\BCrypt.Tests.csproj", "{5CDEA9DD-5A77-4B64-8F55-DC12EEFB3D3B}"
EndProject
Project("{FAE04EC0-301F-11D3-BF4B-00C04F79EFBC}") = "AdvApi32", "AdvApi32\AdvApi32.csproj", "{3FCBF2E0-1330-454C-8A17-AF14EBA6B244}"
EndProject
Project("{FAE04EC0-301F-11D3-BF4B-00C04F79EFBC}") = "AdvApi32.Tests", "AdvApi32.Tests\AdvApi32.Tests.csproj", "{C7809FEC-FF01-4602-9CDD-E78832E35D67}"
EndProject
Project("{FAE04EC0-301F-11D3-BF4B-00C04F79EFBC}") = "NCrypt", "NCrypt\NCrypt.csproj", "{6AAA088F-2ADC-4FFD-8D11-D8B67D5EC88C}"
EndProject
Project("{FAE04EC0-301F-11D3-BF4B-00C04F79EFBC}") = "NCrypt.Tests", "NCrypt.Tests\NCrypt.Tests.csproj", "{97F31BF5-B848-482C-B9B0-3717EF3029EA}"
EndProject
Project("{FAE04EC0-301F-11D3-BF4B-00C04F79EFBC}") = "ImageHlp", "ImageHlp\ImageHlp.csproj", "{784B754D-20F0-464B-AEDC-DD7A3108FE25}"
EndProject
Project("{FAE04EC0-301F-11D3-BF4B-00C04F79EFBC}") = "ImageHlp.Tests", "ImageHlp.Tests\ImageHlp.Tests.csproj", "{7A21FBC0-DFAC-4308-82AD-2F526DBFF636}"
EndProject
Project("{FAE04EC0-301F-11D3-BF4B-00C04F79EFBC}") = "DbgHelp", "DbgHelp\DbgHelp.csproj", "{26A6F480-5ED3-48B8-9BBA-243115672098}"
EndProject
Project("{FAE04EC0-301F-11D3-BF4B-00C04F79EFBC}") = "DbgHelp.Tests", "DbgHelp.Tests\DbgHelp.Tests.csproj", "{9EC79974-4353-411E-A04F-598474D9CE58}"
EndProject
Project("{FAE04EC0-301F-11D3-BF4B-00C04F79EFBC}") = "Psapi.Tests", "Psapi.Tests\Psapi.Tests.csproj", "{2C8088B3-82BD-4784-B917-435838A2B1D5}"
EndProject
Project("{FAE04EC0-301F-11D3-BF4B-00C04F79EFBC}") = "Psapi", "Psapi\Psapi.csproj", "{6AB26806-6A22-456D-AD87-CD8B3FAFA216}"
EndProject
Project("{FAE04EC0-301F-11D3-BF4B-00C04F79EFBC}") = "CodeGeneration", "CodeGeneration\CodeGeneration.csproj", "{C1815471-02AF-4BB9-8D83-652ADBAFF5B6}"
EndProject
Project("{FAE04EC0-301F-11D3-BF4B-00C04F79EFBC}") = "CodeGenerationAttributes", "CodeGenerationAttributes\CodeGenerationAttributes.csproj", "{1387E009-7086-4572-AC8D-CE4242ADEC77}"
EndProject
Project("{2150E333-8FDC-42A3-9474-1A3956D46DE8}") = "CodeGen", "CodeGen", "{BC58E358-D202-41B7-BDC3-38E084F36F0B}"
EndProject
Project("{FAE04EC0-301F-11D3-BF4B-00C04F79EFBC}") = "CodeGeneration.Debugging", "CodeGeneration.Debugging\CodeGeneration.Debugging.csproj", "{95305207-62AE-4019-83EC-079008625219}"
EndProject
Project("{FAE04EC0-301F-11D3-BF4B-00C04F79EFBC}") = "MSCorEE", "MSCorEE\MSCorEE.csproj", "{862717F8-F2DF-4DE8-9F03-5A98941B2747}"
EndProject
Project("{FAE04EC0-301F-11D3-BF4B-00C04F79EFBC}") = "MSCorEE.Tests", "MSCorEE.Tests\MSCorEE.Tests.csproj", "{A0070AA5-6122-4D81-8A21-EAE6069D2871}"
EndProject
Project("{FAE04EC0-301F-11D3-BF4B-00C04F79EFBC}") = "Crypt32", "Crypt32\Crypt32.csproj", "{2355A580-2257-4A41-B7EC-F987993CE0C9}"
EndProject
Project("{FAE04EC0-301F-11D3-BF4B-00C04F79EFBC}") = "Crypt32.Tests", "Crypt32.Tests\Crypt32.Tests.csproj", "{BA90133E-FE3B-4FA0-84A1-79D5F90D1BEA}"
EndProject
Project("{FAE04EC0-301F-11D3-BF4B-00C04F79EFBC}") = "NTDll", "NTDll\NTDll.csproj", "{F64C8B26-5E30-4A7A-8643-F58E4602C64A}"
EndProject
Project("{FAE04EC0-301F-11D3-BF4B-00C04F79EFBC}") = "NTDll.Tests", "NTDll.Tests\NTDll.Tests.csproj", "{F580109D-3C86-4CE4-B686-53F2A3CB1314}"
EndProject
Project("{FAE04EC0-301F-11D3-BF4B-00C04F79EFBC}") = "UxTheme", "UxTheme\UxTheme.csproj", "{3D1C8CE4-27F5-42BB-A7BD-CD5DEAB58EF3}"
EndProject
Project("{FAE04EC0-301F-11D3-BF4B-00C04F79EFBC}") = "UxTheme.Tests", "UxTheme.Tests\UxTheme.Tests.csproj", "{79E61C04-D712-47ED-B070-A56E5CD7A258}"
EndProject
Project("{FAE04EC0-301F-11D3-BF4B-00C04F79EFBC}") = "Userenv", "Userenv\Userenv.csproj", "{FDA184C9-C55D-4615-BCF5-ADBF59F25102}"
EndProject
Project("{FAE04EC0-301F-11D3-BF4B-00C04F79EFBC}") = "Userenv.Tests", "Userenv.Tests\Userenv.Tests.csproj", "{7757DDC1-E0DF-43B6-AD91-40C1F324521E}"
EndProject
Project("{FAE04EC0-301F-11D3-BF4B-00C04F79EFBC}") = "User32.Tests", "User32.Tests\User32.Tests.csproj", "{F7D62BDA-629B-41A7-8233-4AB95B2AD7BA}"
EndProject
Project("{FAE04EC0-301F-11D3-BF4B-00C04F79EFBC}") = "DwmApi", "DwmApi\DwmApi.csproj", "{AA9EADF7-B399-4DC3-B616-5E0B8A796DFE}"
EndProject
Project("{FAE04EC0-301F-11D3-BF4B-00C04F79EFBC}") = "DwmApi.Tests", "DwmApi.Tests\DwmApi.Tests.csproj", "{4B835D69-B10B-4F53-80DE-AC392CEFB896}"
EndProject
Project("{FAE04EC0-301F-11D3-BF4B-00C04F79EFBC}") = "Fusion", "Fusion\Fusion.csproj", "{A41C96AD-3E4A-4744-AA3D-00FFE07954AD}"
EndProject
Project("{FAE04EC0-301F-11D3-BF4B-00C04F79EFBC}") = "Fusion.Tests", "Fusion.Tests\Fusion.Tests.csproj", "{E2D45BD5-5657-48F6-AAD7-3694B46BED08}"
EndProject
Project("{FAE04EC0-301F-11D3-BF4B-00C04F79EFBC}") = "Msi", "Msi\Msi.csproj", "{01174E89-DE65-47DC-BF53-4E2CF34AD843}"
EndProject
Project("{FAE04EC0-301F-11D3-BF4B-00C04F79EFBC}") = "Msi.Tests", "Msi.Tests\Msi.Tests.csproj", "{046AD8A6-AAFC-4089-B536-C16256BB9CF6}"
EndProject
Project("{FAE04EC0-301F-11D3-BF4B-00C04F79EFBC}") = "NetApi32", "NetApi32\NetApi32.csproj", "{9C5AE8E9-330A-47D9-84D8-9883880EBE9E}"
EndProject
Project("{FAE04EC0-301F-11D3-BF4B-00C04F79EFBC}") = "NetApi32.Tests", "NetApi32.Tests\NetApi32.Tests.csproj", "{DF7FD89E-5352-4674-8FC3-5BA3605E9154}"
EndProject
Project("{FAE04EC0-301F-11D3-BF4B-00C04F79EFBC}") = "Shell32", "Shell32\Shell32.csproj", "{F187990F-4B3F-4F08-8179-A39A8708D2B5}"
EndProject
Project("{FAE04EC0-301F-11D3-BF4B-00C04F79EFBC}") = "Shell32.Tests", "Shell32.Tests\Shell32.Tests.csproj", "{FDEFD0A0-2E13-4CB7-92F1-74DD216785E5}"
EndProject
Project("{FAE04EC0-301F-11D3-BF4B-00C04F79EFBC}") = "SHCore", "SHCore\SHCore.csproj", "{4D9D4B01-3D46-4BC6-B93F-A799B8C21ABF}"
EndProject
Project("{FAE04EC0-301F-11D3-BF4B-00C04F79EFBC}") = "SHCore.Tests", "SHCore.Tests\SHCore.Tests.csproj", "{49094447-F41D-4026-92E3-124532958876}"
EndProject
Project("{FAE04EC0-301F-11D3-BF4B-00C04F79EFBC}") = "Windows.ShellScalingApi", "Windows.ShellScalingApi\Windows.ShellScalingApi.csproj", "{0500E681-818F-4366-B2A5-0BB73D7864C6}"
EndProject
Project("{FAE04EC0-301F-11D3-BF4B-00C04F79EFBC}") = "WtsApi32", "WtsApi32\WtsApi32.csproj", "{BF4E3E19-7145-4D41-8906-084216599537}"
EndProject
Project("{FAE04EC0-301F-11D3-BF4B-00C04F79EFBC}") = "WtsApi32.Tests", "WtsApi32.Tests\WtsApi32.Tests.csproj", "{851B8946-8DE1-41F5-A857-BA9428B494DC}"
EndProject
Project("{9A19103F-16F7-4668-BE54-9A1E7A4F7556}") = "Win32", "Win32\Win32.csproj", "{34C97C6A-0323-44C6-B8E6-ED748CA287D5}"
EndProject
Global
	GlobalSection(SharedMSBuildProjectFiles) = preSolution
		Msi.Shared\Msi.Shared.projitems*{01174e89-de65-47dc-bf53-4e2cf34ad843}*SharedItemsImports = 4
		Windows.ShellScalingApi.Shared\Windows.ShellScalingApi.Shared.projitems*{0500e681-818f-4366-b2a5-0bb73d7864c6}*SharedItemsImports = 4
		CodeGenerationAttributes.Shared\CodeGenerationAttributes.Shared.projitems*{1387e009-7086-4572-ac8d-ce4242adec77}*SharedItemsImports = 4
		Kernel32.Shared\Kernel32.Shared.projitems*{1fdc092a-d3e8-4cc4-b896-17e0a213f723}*SharedItemsImports = 4
		Crypt32.Shared\Crypt32.Shared.projitems*{2355a580-2257-4a41-b7ec-f987993ce0c9}*SharedItemsImports = 4
		DbgHelp.Shared\DbgHelp.Shared.projitems*{26a6f480-5ed3-48b8-9bba-243115672098}*SharedItemsImports = 4
		SHCore.Shared\SHCore.Shared.projitems*{4d9d4b01-3d46-4bc6-b93f-a799b8c21abf}*SharedItemsImports = 4
		NCrypt.Shared\NCrypt.Shared.projitems*{6aaa088f-2adc-4ffd-8d11-d8b67d5ec88c}*SharedItemsImports = 4
		NetApi32.Shared\NetApi32.Shared.projitems*{9c5ae8e9-330a-47d9-84d8-9883880ebe9e}*SharedItemsImports = 4
		BCrypt.Shared\BCrypt.Shared.projitems*{9ce056e3-5d53-4092-97cc-78826a4d1c14}*SharedItemsImports = 4
		Windows.Core.Shared\Windows.Core.Shared.projitems*{b08c3c79-4cdd-4d37-933c-07d3452fd5f1}*SharedItemsImports = 4
		Kernel32.Tests.Shared\Kernel32.Tests.Shared.projitems*{d7224f5b-1aee-4624-a71f-f0bb10c63555}*SharedItemsImports = 4
		Shell32.Shared\Shell32.Shared.projitems*{f187990f-4b3f-4f08-8179-a39a8708d2b5}*SharedItemsImports = 4
		NTDll.Shared\NTDll.Shared.projitems*{f64c8b26-5e30-4a7a-8643-f58e4602c64a}*SharedItemsImports = 4
	EndGlobalSection
	GlobalSection(SolutionConfigurationPlatforms) = preSolution
		Debug|Any CPU = Debug|Any CPU
		Release|Any CPU = Release|Any CPU
	EndGlobalSection
	GlobalSection(ProjectConfigurationPlatforms) = postSolution
		{9CE056E3-5D53-4092-97CC-78826A4D1C14}.Debug|Any CPU.ActiveCfg = Debug|Any CPU
		{9CE056E3-5D53-4092-97CC-78826A4D1C14}.Debug|Any CPU.Build.0 = Debug|Any CPU
		{9CE056E3-5D53-4092-97CC-78826A4D1C14}.Release|Any CPU.ActiveCfg = Release|Any CPU
		{9CE056E3-5D53-4092-97CC-78826A4D1C14}.Release|Any CPU.Build.0 = Release|Any CPU
		{B08C3C79-4CDD-4D37-933C-07D3452FD5F1}.Debug|Any CPU.ActiveCfg = Debug|Any CPU
		{B08C3C79-4CDD-4D37-933C-07D3452FD5F1}.Debug|Any CPU.Build.0 = Debug|Any CPU
		{B08C3C79-4CDD-4D37-933C-07D3452FD5F1}.Release|Any CPU.ActiveCfg = Release|Any CPU
		{B08C3C79-4CDD-4D37-933C-07D3452FD5F1}.Release|Any CPU.Build.0 = Release|Any CPU
		{774A91D6-10C2-459C-A482-50D655BB4680}.Debug|Any CPU.ActiveCfg = Debug|Any CPU
		{774A91D6-10C2-459C-A482-50D655BB4680}.Debug|Any CPU.Build.0 = Debug|Any CPU
		{774A91D6-10C2-459C-A482-50D655BB4680}.Release|Any CPU.ActiveCfg = Release|Any CPU
		{774A91D6-10C2-459C-A482-50D655BB4680}.Release|Any CPU.Build.0 = Release|Any CPU
		{BA62C4BC-1FB8-40E0-AC77-84663C4ED11A}.Debug|Any CPU.ActiveCfg = Debug|Any CPU
		{BA62C4BC-1FB8-40E0-AC77-84663C4ED11A}.Debug|Any CPU.Build.0 = Debug|Any CPU
		{BA62C4BC-1FB8-40E0-AC77-84663C4ED11A}.Release|Any CPU.ActiveCfg = Release|Any CPU
		{BA62C4BC-1FB8-40E0-AC77-84663C4ED11A}.Release|Any CPU.Build.0 = Release|Any CPU
		{1FDC092A-D3E8-4CC4-B896-17E0A213F723}.Debug|Any CPU.ActiveCfg = Debug|Any CPU
		{1FDC092A-D3E8-4CC4-B896-17E0A213F723}.Debug|Any CPU.Build.0 = Debug|Any CPU
		{1FDC092A-D3E8-4CC4-B896-17E0A213F723}.Release|Any CPU.ActiveCfg = Release|Any CPU
		{1FDC092A-D3E8-4CC4-B896-17E0A213F723}.Release|Any CPU.Build.0 = Release|Any CPU
		{D7224F5B-1AEE-4624-A71F-F0BB10C63555}.Debug|Any CPU.ActiveCfg = Debug|Any CPU
		{D7224F5B-1AEE-4624-A71F-F0BB10C63555}.Debug|Any CPU.Build.0 = Debug|Any CPU
		{D7224F5B-1AEE-4624-A71F-F0BB10C63555}.Release|Any CPU.ActiveCfg = Release|Any CPU
		{D7224F5B-1AEE-4624-A71F-F0BB10C63555}.Release|Any CPU.Build.0 = Release|Any CPU
		{26ABA748-B311-4094-9231-7490894E1157}.Debug|Any CPU.ActiveCfg = Debug|Any CPU
		{26ABA748-B311-4094-9231-7490894E1157}.Debug|Any CPU.Build.0 = Debug|Any CPU
		{26ABA748-B311-4094-9231-7490894E1157}.Release|Any CPU.ActiveCfg = Release|Any CPU
		{26ABA748-B311-4094-9231-7490894E1157}.Release|Any CPU.Build.0 = Release|Any CPU
		{6C21E31E-6E71-4CB8-8495-CC841B19947F}.Debug|Any CPU.ActiveCfg = Debug|Any CPU
		{6C21E31E-6E71-4CB8-8495-CC841B19947F}.Debug|Any CPU.Build.0 = Debug|Any CPU
		{6C21E31E-6E71-4CB8-8495-CC841B19947F}.Release|Any CPU.ActiveCfg = Release|Any CPU
		{6C21E31E-6E71-4CB8-8495-CC841B19947F}.Release|Any CPU.Build.0 = Release|Any CPU
		{A530587B-C0CD-408C-9FE1-AA3D36B760A0}.Debug|Any CPU.ActiveCfg = Debug|Any CPU
		{A530587B-C0CD-408C-9FE1-AA3D36B760A0}.Debug|Any CPU.Build.0 = Debug|Any CPU
		{A530587B-C0CD-408C-9FE1-AA3D36B760A0}.Release|Any CPU.ActiveCfg = Release|Any CPU
		{A530587B-C0CD-408C-9FE1-AA3D36B760A0}.Release|Any CPU.Build.0 = Release|Any CPU
		{05468C6E-B6EB-45E9-9F3D-66207D9EFD41}.Debug|Any CPU.ActiveCfg = Debug|Any CPU
		{05468C6E-B6EB-45E9-9F3D-66207D9EFD41}.Debug|Any CPU.Build.0 = Debug|Any CPU
		{05468C6E-B6EB-45E9-9F3D-66207D9EFD41}.Release|Any CPU.ActiveCfg = Release|Any CPU
		{05468C6E-B6EB-45E9-9F3D-66207D9EFD41}.Release|Any CPU.Build.0 = Release|Any CPU
		{A44BC3C8-52A5-4372-8365-0C22FCB9E568}.Debug|Any CPU.ActiveCfg = Debug|Any CPU
		{A44BC3C8-52A5-4372-8365-0C22FCB9E568}.Debug|Any CPU.Build.0 = Debug|Any CPU
		{A44BC3C8-52A5-4372-8365-0C22FCB9E568}.Release|Any CPU.ActiveCfg = Release|Any CPU
		{A44BC3C8-52A5-4372-8365-0C22FCB9E568}.Release|Any CPU.Build.0 = Release|Any CPU
		{5CDEA9DD-5A77-4B64-8F55-DC12EEFB3D3B}.Debug|Any CPU.ActiveCfg = Debug|Any CPU
		{5CDEA9DD-5A77-4B64-8F55-DC12EEFB3D3B}.Debug|Any CPU.Build.0 = Debug|Any CPU
		{5CDEA9DD-5A77-4B64-8F55-DC12EEFB3D3B}.Release|Any CPU.ActiveCfg = Release|Any CPU
		{5CDEA9DD-5A77-4B64-8F55-DC12EEFB3D3B}.Release|Any CPU.Build.0 = Release|Any CPU
		{3FCBF2E0-1330-454C-8A17-AF14EBA6B244}.Debug|Any CPU.ActiveCfg = Debug|Any CPU
		{3FCBF2E0-1330-454C-8A17-AF14EBA6B244}.Debug|Any CPU.Build.0 = Debug|Any CPU
		{3FCBF2E0-1330-454C-8A17-AF14EBA6B244}.Release|Any CPU.ActiveCfg = Release|Any CPU
		{3FCBF2E0-1330-454C-8A17-AF14EBA6B244}.Release|Any CPU.Build.0 = Release|Any CPU
		{C7809FEC-FF01-4602-9CDD-E78832E35D67}.Debug|Any CPU.ActiveCfg = Debug|Any CPU
		{C7809FEC-FF01-4602-9CDD-E78832E35D67}.Debug|Any CPU.Build.0 = Debug|Any CPU
		{C7809FEC-FF01-4602-9CDD-E78832E35D67}.Release|Any CPU.ActiveCfg = Release|Any CPU
		{C7809FEC-FF01-4602-9CDD-E78832E35D67}.Release|Any CPU.Build.0 = Release|Any CPU
		{6AAA088F-2ADC-4FFD-8D11-D8B67D5EC88C}.Debug|Any CPU.ActiveCfg = Debug|Any CPU
		{6AAA088F-2ADC-4FFD-8D11-D8B67D5EC88C}.Debug|Any CPU.Build.0 = Debug|Any CPU
		{6AAA088F-2ADC-4FFD-8D11-D8B67D5EC88C}.Release|Any CPU.ActiveCfg = Release|Any CPU
		{6AAA088F-2ADC-4FFD-8D11-D8B67D5EC88C}.Release|Any CPU.Build.0 = Release|Any CPU
		{97F31BF5-B848-482C-B9B0-3717EF3029EA}.Debug|Any CPU.ActiveCfg = Debug|Any CPU
		{97F31BF5-B848-482C-B9B0-3717EF3029EA}.Debug|Any CPU.Build.0 = Debug|Any CPU
		{97F31BF5-B848-482C-B9B0-3717EF3029EA}.Release|Any CPU.ActiveCfg = Release|Any CPU
		{97F31BF5-B848-482C-B9B0-3717EF3029EA}.Release|Any CPU.Build.0 = Release|Any CPU
		{784B754D-20F0-464B-AEDC-DD7A3108FE25}.Debug|Any CPU.ActiveCfg = Debug|Any CPU
		{784B754D-20F0-464B-AEDC-DD7A3108FE25}.Debug|Any CPU.Build.0 = Debug|Any CPU
		{784B754D-20F0-464B-AEDC-DD7A3108FE25}.Release|Any CPU.ActiveCfg = Release|Any CPU
		{784B754D-20F0-464B-AEDC-DD7A3108FE25}.Release|Any CPU.Build.0 = Release|Any CPU
		{7A21FBC0-DFAC-4308-82AD-2F526DBFF636}.Debug|Any CPU.ActiveCfg = Debug|Any CPU
		{7A21FBC0-DFAC-4308-82AD-2F526DBFF636}.Debug|Any CPU.Build.0 = Debug|Any CPU
		{7A21FBC0-DFAC-4308-82AD-2F526DBFF636}.Release|Any CPU.ActiveCfg = Release|Any CPU
		{7A21FBC0-DFAC-4308-82AD-2F526DBFF636}.Release|Any CPU.Build.0 = Release|Any CPU
		{26A6F480-5ED3-48B8-9BBA-243115672098}.Debug|Any CPU.ActiveCfg = Debug|Any CPU
		{26A6F480-5ED3-48B8-9BBA-243115672098}.Debug|Any CPU.Build.0 = Debug|Any CPU
		{26A6F480-5ED3-48B8-9BBA-243115672098}.Release|Any CPU.ActiveCfg = Release|Any CPU
		{26A6F480-5ED3-48B8-9BBA-243115672098}.Release|Any CPU.Build.0 = Release|Any CPU
		{9EC79974-4353-411E-A04F-598474D9CE58}.Debug|Any CPU.ActiveCfg = Debug|Any CPU
		{9EC79974-4353-411E-A04F-598474D9CE58}.Debug|Any CPU.Build.0 = Debug|Any CPU
		{9EC79974-4353-411E-A04F-598474D9CE58}.Release|Any CPU.ActiveCfg = Release|Any CPU
		{9EC79974-4353-411E-A04F-598474D9CE58}.Release|Any CPU.Build.0 = Release|Any CPU
		{2C8088B3-82BD-4784-B917-435838A2B1D5}.Debug|Any CPU.ActiveCfg = Debug|Any CPU
		{2C8088B3-82BD-4784-B917-435838A2B1D5}.Debug|Any CPU.Build.0 = Debug|Any CPU
		{2C8088B3-82BD-4784-B917-435838A2B1D5}.Release|Any CPU.ActiveCfg = Release|Any CPU
		{2C8088B3-82BD-4784-B917-435838A2B1D5}.Release|Any CPU.Build.0 = Release|Any CPU
		{6AB26806-6A22-456D-AD87-CD8B3FAFA216}.Debug|Any CPU.ActiveCfg = Debug|Any CPU
		{6AB26806-6A22-456D-AD87-CD8B3FAFA216}.Debug|Any CPU.Build.0 = Debug|Any CPU
		{6AB26806-6A22-456D-AD87-CD8B3FAFA216}.Release|Any CPU.ActiveCfg = Release|Any CPU
		{6AB26806-6A22-456D-AD87-CD8B3FAFA216}.Release|Any CPU.Build.0 = Release|Any CPU
		{C1815471-02AF-4BB9-8D83-652ADBAFF5B6}.Debug|Any CPU.ActiveCfg = Debug|Any CPU
		{C1815471-02AF-4BB9-8D83-652ADBAFF5B6}.Debug|Any CPU.Build.0 = Debug|Any CPU
		{C1815471-02AF-4BB9-8D83-652ADBAFF5B6}.Release|Any CPU.ActiveCfg = Release|Any CPU
		{C1815471-02AF-4BB9-8D83-652ADBAFF5B6}.Release|Any CPU.Build.0 = Release|Any CPU
		{1387E009-7086-4572-AC8D-CE4242ADEC77}.Debug|Any CPU.ActiveCfg = Debug|Any CPU
		{1387E009-7086-4572-AC8D-CE4242ADEC77}.Debug|Any CPU.Build.0 = Debug|Any CPU
		{1387E009-7086-4572-AC8D-CE4242ADEC77}.Release|Any CPU.ActiveCfg = Release|Any CPU
		{1387E009-7086-4572-AC8D-CE4242ADEC77}.Release|Any CPU.Build.0 = Release|Any CPU
		{95305207-62AE-4019-83EC-079008625219}.Debug|Any CPU.ActiveCfg = Debug|Any CPU
		{95305207-62AE-4019-83EC-079008625219}.Debug|Any CPU.Build.0 = Debug|Any CPU
		{95305207-62AE-4019-83EC-079008625219}.Release|Any CPU.ActiveCfg = Release|Any CPU
		{95305207-62AE-4019-83EC-079008625219}.Release|Any CPU.Build.0 = Release|Any CPU
		{862717F8-F2DF-4DE8-9F03-5A98941B2747}.Debug|Any CPU.ActiveCfg = Debug|Any CPU
		{862717F8-F2DF-4DE8-9F03-5A98941B2747}.Debug|Any CPU.Build.0 = Debug|Any CPU
		{862717F8-F2DF-4DE8-9F03-5A98941B2747}.Release|Any CPU.ActiveCfg = Release|Any CPU
		{862717F8-F2DF-4DE8-9F03-5A98941B2747}.Release|Any CPU.Build.0 = Release|Any CPU
		{A0070AA5-6122-4D81-8A21-EAE6069D2871}.Debug|Any CPU.ActiveCfg = Debug|Any CPU
		{A0070AA5-6122-4D81-8A21-EAE6069D2871}.Debug|Any CPU.Build.0 = Debug|Any CPU
		{A0070AA5-6122-4D81-8A21-EAE6069D2871}.Release|Any CPU.ActiveCfg = Release|Any CPU
		{A0070AA5-6122-4D81-8A21-EAE6069D2871}.Release|Any CPU.Build.0 = Release|Any CPU
		{2355A580-2257-4A41-B7EC-F987993CE0C9}.Debug|Any CPU.ActiveCfg = Debug|Any CPU
		{2355A580-2257-4A41-B7EC-F987993CE0C9}.Debug|Any CPU.Build.0 = Debug|Any CPU
		{2355A580-2257-4A41-B7EC-F987993CE0C9}.Release|Any CPU.ActiveCfg = Release|Any CPU
		{2355A580-2257-4A41-B7EC-F987993CE0C9}.Release|Any CPU.Build.0 = Release|Any CPU
		{BA90133E-FE3B-4FA0-84A1-79D5F90D1BEA}.Debug|Any CPU.ActiveCfg = Debug|Any CPU
		{BA90133E-FE3B-4FA0-84A1-79D5F90D1BEA}.Debug|Any CPU.Build.0 = Debug|Any CPU
		{BA90133E-FE3B-4FA0-84A1-79D5F90D1BEA}.Release|Any CPU.ActiveCfg = Release|Any CPU
		{BA90133E-FE3B-4FA0-84A1-79D5F90D1BEA}.Release|Any CPU.Build.0 = Release|Any CPU
		{F64C8B26-5E30-4A7A-8643-F58E4602C64A}.Debug|Any CPU.ActiveCfg = Debug|Any CPU
		{F64C8B26-5E30-4A7A-8643-F58E4602C64A}.Debug|Any CPU.Build.0 = Debug|Any CPU
		{F64C8B26-5E30-4A7A-8643-F58E4602C64A}.Release|Any CPU.ActiveCfg = Release|Any CPU
		{F64C8B26-5E30-4A7A-8643-F58E4602C64A}.Release|Any CPU.Build.0 = Release|Any CPU
		{F580109D-3C86-4CE4-B686-53F2A3CB1314}.Debug|Any CPU.ActiveCfg = Debug|Any CPU
		{F580109D-3C86-4CE4-B686-53F2A3CB1314}.Debug|Any CPU.Build.0 = Debug|Any CPU
		{F580109D-3C86-4CE4-B686-53F2A3CB1314}.Release|Any CPU.ActiveCfg = Release|Any CPU
		{F580109D-3C86-4CE4-B686-53F2A3CB1314}.Release|Any CPU.Build.0 = Release|Any CPU
		{3D1C8CE4-27F5-42BB-A7BD-CD5DEAB58EF3}.Debug|Any CPU.ActiveCfg = Debug|Any CPU
		{3D1C8CE4-27F5-42BB-A7BD-CD5DEAB58EF3}.Debug|Any CPU.Build.0 = Debug|Any CPU
		{3D1C8CE4-27F5-42BB-A7BD-CD5DEAB58EF3}.Release|Any CPU.ActiveCfg = Release|Any CPU
		{3D1C8CE4-27F5-42BB-A7BD-CD5DEAB58EF3}.Release|Any CPU.Build.0 = Release|Any CPU
		{79E61C04-D712-47ED-B070-A56E5CD7A258}.Debug|Any CPU.ActiveCfg = Debug|Any CPU
		{79E61C04-D712-47ED-B070-A56E5CD7A258}.Debug|Any CPU.Build.0 = Debug|Any CPU
		{79E61C04-D712-47ED-B070-A56E5CD7A258}.Release|Any CPU.ActiveCfg = Release|Any CPU
		{79E61C04-D712-47ED-B070-A56E5CD7A258}.Release|Any CPU.Build.0 = Release|Any CPU
		{FDA184C9-C55D-4615-BCF5-ADBF59F25102}.Debug|Any CPU.ActiveCfg = Debug|Any CPU
		{FDA184C9-C55D-4615-BCF5-ADBF59F25102}.Debug|Any CPU.Build.0 = Debug|Any CPU
		{FDA184C9-C55D-4615-BCF5-ADBF59F25102}.Release|Any CPU.ActiveCfg = Release|Any CPU
		{FDA184C9-C55D-4615-BCF5-ADBF59F25102}.Release|Any CPU.Build.0 = Release|Any CPU
		{7757DDC1-E0DF-43B6-AD91-40C1F324521E}.Debug|Any CPU.ActiveCfg = Debug|Any CPU
		{7757DDC1-E0DF-43B6-AD91-40C1F324521E}.Debug|Any CPU.Build.0 = Debug|Any CPU
		{7757DDC1-E0DF-43B6-AD91-40C1F324521E}.Release|Any CPU.ActiveCfg = Release|Any CPU
		{7757DDC1-E0DF-43B6-AD91-40C1F324521E}.Release|Any CPU.Build.0 = Release|Any CPU
		{F7D62BDA-629B-41A7-8233-4AB95B2AD7BA}.Debug|Any CPU.ActiveCfg = Debug|Any CPU
		{F7D62BDA-629B-41A7-8233-4AB95B2AD7BA}.Debug|Any CPU.Build.0 = Debug|Any CPU
		{F7D62BDA-629B-41A7-8233-4AB95B2AD7BA}.Release|Any CPU.ActiveCfg = Release|Any CPU
		{F7D62BDA-629B-41A7-8233-4AB95B2AD7BA}.Release|Any CPU.Build.0 = Release|Any CPU
		{AA9EADF7-B399-4DC3-B616-5E0B8A796DFE}.Debug|Any CPU.ActiveCfg = Debug|Any CPU
		{AA9EADF7-B399-4DC3-B616-5E0B8A796DFE}.Debug|Any CPU.Build.0 = Debug|Any CPU
		{AA9EADF7-B399-4DC3-B616-5E0B8A796DFE}.Release|Any CPU.ActiveCfg = Release|Any CPU
		{AA9EADF7-B399-4DC3-B616-5E0B8A796DFE}.Release|Any CPU.Build.0 = Release|Any CPU
		{4B835D69-B10B-4F53-80DE-AC392CEFB896}.Debug|Any CPU.ActiveCfg = Debug|Any CPU
		{4B835D69-B10B-4F53-80DE-AC392CEFB896}.Debug|Any CPU.Build.0 = Debug|Any CPU
		{4B835D69-B10B-4F53-80DE-AC392CEFB896}.Release|Any CPU.ActiveCfg = Release|Any CPU
		{4B835D69-B10B-4F53-80DE-AC392CEFB896}.Release|Any CPU.Build.0 = Release|Any CPU
		{A41C96AD-3E4A-4744-AA3D-00FFE07954AD}.Debug|Any CPU.ActiveCfg = Debug|Any CPU
		{A41C96AD-3E4A-4744-AA3D-00FFE07954AD}.Debug|Any CPU.Build.0 = Debug|Any CPU
		{A41C96AD-3E4A-4744-AA3D-00FFE07954AD}.Release|Any CPU.ActiveCfg = Release|Any CPU
		{A41C96AD-3E4A-4744-AA3D-00FFE07954AD}.Release|Any CPU.Build.0 = Release|Any CPU
		{E2D45BD5-5657-48F6-AAD7-3694B46BED08}.Debug|Any CPU.ActiveCfg = Debug|Any CPU
		{E2D45BD5-5657-48F6-AAD7-3694B46BED08}.Debug|Any CPU.Build.0 = Debug|Any CPU
		{E2D45BD5-5657-48F6-AAD7-3694B46BED08}.Release|Any CPU.ActiveCfg = Release|Any CPU
		{E2D45BD5-5657-48F6-AAD7-3694B46BED08}.Release|Any CPU.Build.0 = Release|Any CPU
		{01174E89-DE65-47DC-BF53-4E2CF34AD843}.Debug|Any CPU.ActiveCfg = Debug|Any CPU
		{01174E89-DE65-47DC-BF53-4E2CF34AD843}.Debug|Any CPU.Build.0 = Debug|Any CPU
		{01174E89-DE65-47DC-BF53-4E2CF34AD843}.Release|Any CPU.ActiveCfg = Release|Any CPU
		{01174E89-DE65-47DC-BF53-4E2CF34AD843}.Release|Any CPU.Build.0 = Release|Any CPU
		{046AD8A6-AAFC-4089-B536-C16256BB9CF6}.Debug|Any CPU.ActiveCfg = Debug|Any CPU
		{046AD8A6-AAFC-4089-B536-C16256BB9CF6}.Debug|Any CPU.Build.0 = Debug|Any CPU
		{046AD8A6-AAFC-4089-B536-C16256BB9CF6}.Release|Any CPU.ActiveCfg = Release|Any CPU
		{046AD8A6-AAFC-4089-B536-C16256BB9CF6}.Release|Any CPU.Build.0 = Release|Any CPU
		{9C5AE8E9-330A-47D9-84D8-9883880EBE9E}.Debug|Any CPU.ActiveCfg = Debug|Any CPU
		{9C5AE8E9-330A-47D9-84D8-9883880EBE9E}.Debug|Any CPU.Build.0 = Debug|Any CPU
		{9C5AE8E9-330A-47D9-84D8-9883880EBE9E}.Release|Any CPU.ActiveCfg = Release|Any CPU
		{9C5AE8E9-330A-47D9-84D8-9883880EBE9E}.Release|Any CPU.Build.0 = Release|Any CPU
		{DF7FD89E-5352-4674-8FC3-5BA3605E9154}.Debug|Any CPU.ActiveCfg = Debug|Any CPU
		{DF7FD89E-5352-4674-8FC3-5BA3605E9154}.Debug|Any CPU.Build.0 = Debug|Any CPU
		{DF7FD89E-5352-4674-8FC3-5BA3605E9154}.Release|Any CPU.ActiveCfg = Release|Any CPU
		{DF7FD89E-5352-4674-8FC3-5BA3605E9154}.Release|Any CPU.Build.0 = Release|Any CPU
		{F187990F-4B3F-4F08-8179-A39A8708D2B5}.Debug|Any CPU.ActiveCfg = Debug|Any CPU
		{F187990F-4B3F-4F08-8179-A39A8708D2B5}.Debug|Any CPU.Build.0 = Debug|Any CPU
		{F187990F-4B3F-4F08-8179-A39A8708D2B5}.Release|Any CPU.ActiveCfg = Release|Any CPU
		{F187990F-4B3F-4F08-8179-A39A8708D2B5}.Release|Any CPU.Build.0 = Release|Any CPU
		{FDEFD0A0-2E13-4CB7-92F1-74DD216785E5}.Debug|Any CPU.ActiveCfg = Debug|Any CPU
		{FDEFD0A0-2E13-4CB7-92F1-74DD216785E5}.Debug|Any CPU.Build.0 = Debug|Any CPU
		{FDEFD0A0-2E13-4CB7-92F1-74DD216785E5}.Release|Any CPU.ActiveCfg = Release|Any CPU
		{FDEFD0A0-2E13-4CB7-92F1-74DD216785E5}.Release|Any CPU.Build.0 = Release|Any CPU
		{4D9D4B01-3D46-4BC6-B93F-A799B8C21ABF}.Debug|Any CPU.ActiveCfg = Debug|Any CPU
		{4D9D4B01-3D46-4BC6-B93F-A799B8C21ABF}.Debug|Any CPU.Build.0 = Debug|Any CPU
		{4D9D4B01-3D46-4BC6-B93F-A799B8C21ABF}.Release|Any CPU.ActiveCfg = Release|Any CPU
		{4D9D4B01-3D46-4BC6-B93F-A799B8C21ABF}.Release|Any CPU.Build.0 = Release|Any CPU
		{49094447-F41D-4026-92E3-124532958876}.Debug|Any CPU.ActiveCfg = Debug|Any CPU
		{49094447-F41D-4026-92E3-124532958876}.Debug|Any CPU.Build.0 = Debug|Any CPU
		{49094447-F41D-4026-92E3-124532958876}.Release|Any CPU.ActiveCfg = Release|Any CPU
		{49094447-F41D-4026-92E3-124532958876}.Release|Any CPU.Build.0 = Release|Any CPU
		{0500E681-818F-4366-B2A5-0BB73D7864C6}.Debug|Any CPU.ActiveCfg = Debug|Any CPU
		{0500E681-818F-4366-B2A5-0BB73D7864C6}.Debug|Any CPU.Build.0 = Debug|Any CPU
		{0500E681-818F-4366-B2A5-0BB73D7864C6}.Release|Any CPU.ActiveCfg = Release|Any CPU
		{0500E681-818F-4366-B2A5-0BB73D7864C6}.Release|Any CPU.Build.0 = Release|Any CPU
		{BF4E3E19-7145-4D41-8906-084216599537}.Debug|Any CPU.ActiveCfg = Debug|Any CPU
		{BF4E3E19-7145-4D41-8906-084216599537}.Debug|Any CPU.Build.0 = Debug|Any CPU
		{BF4E3E19-7145-4D41-8906-084216599537}.Release|Any CPU.ActiveCfg = Release|Any CPU
		{BF4E3E19-7145-4D41-8906-084216599537}.Release|Any CPU.Build.0 = Release|Any CPU
		{851B8946-8DE1-41F5-A857-BA9428B494DC}.Debug|Any CPU.ActiveCfg = Debug|Any CPU
		{851B8946-8DE1-41F5-A857-BA9428B494DC}.Debug|Any CPU.Build.0 = Debug|Any CPU
		{851B8946-8DE1-41F5-A857-BA9428B494DC}.Release|Any CPU.ActiveCfg = Release|Any CPU
		{851B8946-8DE1-41F5-A857-BA9428B494DC}.Release|Any CPU.Build.0 = Release|Any CPU
		{34C97C6A-0323-44C6-B8E6-ED748CA287D5}.Debug|Any CPU.ActiveCfg = Debug|Any CPU
		{34C97C6A-0323-44C6-B8E6-ED748CA287D5}.Debug|Any CPU.Build.0 = Debug|Any CPU
		{34C97C6A-0323-44C6-B8E6-ED748CA287D5}.Release|Any CPU.ActiveCfg = Release|Any CPU
		{34C97C6A-0323-44C6-B8E6-ED748CA287D5}.Release|Any CPU.Build.0 = Release|Any CPU
	EndGlobalSection
	GlobalSection(SolutionProperties) = preSolution
		HideSolutionNode = FALSE
	EndGlobalSection
	GlobalSection(NestedProjects) = preSolution
		{C1815471-02AF-4BB9-8D83-652ADBAFF5B6} = {BC58E358-D202-41B7-BDC3-38E084F36F0B}
		{1387E009-7086-4572-AC8D-CE4242ADEC77} = {BC58E358-D202-41B7-BDC3-38E084F36F0B}
		{95305207-62AE-4019-83EC-079008625219} = {BC58E358-D202-41B7-BDC3-38E084F36F0B}
	EndGlobalSection
EndGlobal
