
Microsoft Visual Studio Solution File, Format Version 12.00
# Visual Studio 14
VisualStudioVersion = 14.0.23107.0
MinimumVisualStudioVersion = 10.0.40219.1
Project("{2150E333-8FDC-42A3-9474-1A3956D46DE8}") = "Solution Items", "Solution Items", "{CD09C869-A027-4F21-B78F-22CF072B9C7F}"
	ProjectSection(SolutionItems) = preProject
		..\.gitignore = ..\.gitignore
		..\templates\AddNewLibrary.ps1 = ..\templates\AddNewLibrary.ps1
		..\CONTRIB.md = ..\CONTRIB.md
		..\LICENSE.txt = ..\LICENSE.txt
		..\README.md = ..\README.md
		nuget.config = nuget.config
		version.json = version.json
	EndProjectSection
EndProject
Project("{FAE04EC0-301F-11D3-BF4B-00C04F79EFBC}") = "PInvoke.BCrypt", "PInvoke.BCrypt\PInvoke.BCrypt.csproj", "{9CE056E3-5D53-4092-97CC-78826A4D1C14}"
EndProject
Project("{FF286327-C783-4F7A-AB73-9BCBAD0D4460}") = "PInvoke.BCrypt.NuGet", "PInvoke.BCrypt.NuGet\PInvoke.BCrypt.NuGet.nuproj", "{62EEA3CD-5671-4CFC-BE51-C75BEFB3FC95}"
EndProject
Project("{2150E333-8FDC-42A3-9474-1A3956D46DE8}") = "Build", "Build", "{F00A1FA3-A9AF-450E-A45C-AC59E108F45A}"
	ProjectSection(SolutionItems) = preProject
		EnlistmentInfo.props = EnlistmentInfo.props
		EnlistmentInfo.targets = EnlistmentInfo.targets
		NuProj.Extra.targets = NuProj.Extra.targets
	EndProjectSection
EndProject
Project("{FAE04EC0-301F-11D3-BF4B-00C04F79EFBC}") = "PInvoke.Windows.Core", "PInvoke.Windows.Core\PInvoke.Windows.Core.csproj", "{B08C3C79-4CDD-4D37-933C-07D3452FD5F1}"
EndProject
Project("{FF286327-C783-4F7A-AB73-9BCBAD0D4460}") = "PInvoke.Windows.Core.NuGet", "PInvoke.Windows.Core.NuGet\PInvoke.Windows.Core.NuGet.nuproj", "{5D4A1DF6-0E8A-4DD8-A989-C4EE72475337}"
EndProject
Global
	GlobalSection(SolutionConfigurationPlatforms) = preSolution
		Debug|Any CPU = Debug|Any CPU
		Release|Any CPU = Release|Any CPU
	EndGlobalSection
	GlobalSection(ProjectConfigurationPlatforms) = postSolution
		{9CE056E3-5D53-4092-97CC-78826A4D1C14}.Debug|Any CPU.ActiveCfg = Debug|Any CPU
		{9CE056E3-5D53-4092-97CC-78826A4D1C14}.Debug|Any CPU.Build.0 = Debug|Any CPU
		{9CE056E3-5D53-4092-97CC-78826A4D1C14}.Release|Any CPU.ActiveCfg = Release|Any CPU
		{9CE056E3-5D53-4092-97CC-78826A4D1C14}.Release|Any CPU.Build.0 = Release|Any CPU
		{62EEA3CD-5671-4CFC-BE51-C75BEFB3FC95}.Debug|Any CPU.ActiveCfg = Debug|Any CPU
		{62EEA3CD-5671-4CFC-BE51-C75BEFB3FC95}.Debug|Any CPU.Build.0 = Debug|Any CPU
		{62EEA3CD-5671-4CFC-BE51-C75BEFB3FC95}.Release|Any CPU.ActiveCfg = Release|Any CPU
		{62EEA3CD-5671-4CFC-BE51-C75BEFB3FC95}.Release|Any CPU.Build.0 = Release|Any CPU
		{B08C3C79-4CDD-4D37-933C-07D3452FD5F1}.Debug|Any CPU.ActiveCfg = Debug|Any CPU
		{B08C3C79-4CDD-4D37-933C-07D3452FD5F1}.Debug|Any CPU.Build.0 = Debug|Any CPU
		{B08C3C79-4CDD-4D37-933C-07D3452FD5F1}.Release|Any CPU.ActiveCfg = Release|Any CPU
		{B08C3C79-4CDD-4D37-933C-07D3452FD5F1}.Release|Any CPU.Build.0 = Release|Any CPU
		{5D4A1DF6-0E8A-4DD8-A989-C4EE72475337}.Debug|Any CPU.ActiveCfg = Debug|Any CPU
		{5D4A1DF6-0E8A-4DD8-A989-C4EE72475337}.Debug|Any CPU.Build.0 = Debug|Any CPU
		{5D4A1DF6-0E8A-4DD8-A989-C4EE72475337}.Release|Any CPU.ActiveCfg = Release|Any CPU
		{5D4A1DF6-0E8A-4DD8-A989-C4EE72475337}.Release|Any CPU.Build.0 = Release|Any CPU
	EndGlobalSection
	GlobalSection(SolutionProperties) = preSolution
		HideSolutionNode = FALSE
	EndGlobalSection
EndGlobal
